
Microsoft Visual Studio Solution File, Format Version 12.00
# Visual Studio 15
Project("{FAE04EC0-301F-11D3-BF4B-00C04F79EFBC}") = "NavMeshComponents", "NavMeshComponents.csproj", "{D2EA4C26-4F4C-190B-4C0A-759642BA701D}"
EndProject
Project("{FAE04EC0-301F-11D3-BF4B-00C04F79EFBC}") = "Assembly-CSharp", "Assembly-CSharp.csproj", "{CE65DAAF-C578-8397-10C2-900424D768C2}"
EndProject
Project("{FAE04EC0-301F-11D3-BF4B-00C04F79EFBC}") = "NavMeshComponentsEditor", "NavMeshComponentsEditor.csproj", "{A47378A8-EF20-A896-7567-2F6B1F543795}"
EndProject
Global
	GlobalSection(SolutionConfigurationPlatforms) = preSolution
		Debug|Any CPU = Debug|Any CPU
		Release|Any CPU = Release|Any CPU
	EndGlobalSection
	GlobalSection(ProjectConfigurationPlatforms) = postSolution
		{D2EA4C26-4F4C-190B-4C0A-759642BA701D}.Debug|Any CPU.ActiveCfg = Debug|Any CPU
		{D2EA4C26-4F4C-190B-4C0A-759642BA701D}.Debug|Any CPU.Build.0 = Debug|Any CPU
		{D2EA4C26-4F4C-190B-4C0A-759642BA701D}.Release|Any CPU.ActiveCfg = Release|Any CPU
		{D2EA4C26-4F4C-190B-4C0A-759642BA701D}.Release|Any CPU.Build.0 = Release|Any CPU
		{CE65DAAF-C578-8397-10C2-900424D768C2}.Debug|Any CPU.ActiveCfg = Debug|Any CPU
		{CE65DAAF-C578-8397-10C2-900424D768C2}.Debug|Any CPU.Build.0 = Debug|Any CPU
		{CE65DAAF-C578-8397-10C2-900424D768C2}.Release|Any CPU.ActiveCfg = Release|Any CPU
		{CE65DAAF-C578-8397-10C2-900424D768C2}.Release|Any CPU.Build.0 = Release|Any CPU
		{A47378A8-EF20-A896-7567-2F6B1F543795}.Debug|Any CPU.ActiveCfg = Debug|Any CPU
		{A47378A8-EF20-A896-7567-2F6B1F543795}.Debug|Any CPU.Build.0 = Debug|Any CPU
		{A47378A8-EF20-A896-7567-2F6B1F543795}.Release|Any CPU.ActiveCfg = Release|Any CPU
		{A47378A8-EF20-A896-7567-2F6B1F543795}.Release|Any CPU.Build.0 = Release|Any CPU
	EndGlobalSection
	GlobalSection(SolutionProperties) = preSolution
		HideSolutionNode = FALSE
	EndGlobalSection
EndGlobal
